
Microsoft Visual Studio Solution File, Format Version 12.00
# Visual Studio Version 17
VisualStudioVersion = 17.5.33516.290
MinimumVisualStudioVersion = 10.0.40219.1
Project("{9A19103F-16F7-4668-BE54-9A1E7A4F7556}") = "Search.Api", "Search.Api\Search.Api.csproj", "{0079E63E-EF07-47F3-AD33-6A5FAF14FFDE}"
EndProject
Project("{9A19103F-16F7-4668-BE54-9A1E7A4F7556}") = "Search.Services", "Search.Services\Search.Services.csproj", "{682754CB-B79D-40FD-9D89-0D0A96DC40AF}"
EndProject
Project("{FAE04EC0-301F-11D3-BF4B-00C04F79EFBC}") = "Search.Models", "Search.Models\Search.Models.csproj", "{56021DE0-FAAD-4A11-82CB-4C36AFB1132C}"
EndProject
Global
	GlobalSection(SolutionConfigurationPlatforms) = preSolution
		Debug|Any CPU = Debug|Any CPU
		Release|Any CPU = Release|Any CPU
	EndGlobalSection
	GlobalSection(ProjectConfigurationPlatforms) = postSolution
		{0079E63E-EF07-47F3-AD33-6A5FAF14FFDE}.Debug|Any CPU.ActiveCfg = Debug|Any CPU
		{0079E63E-EF07-47F3-AD33-6A5FAF14FFDE}.Debug|Any CPU.Build.0 = Debug|Any CPU
		{0079E63E-EF07-47F3-AD33-6A5FAF14FFDE}.Release|Any CPU.ActiveCfg = Release|Any CPU
		{0079E63E-EF07-47F3-AD33-6A5FAF14FFDE}.Release|Any CPU.Build.0 = Release|Any CPU
		{682754CB-B79D-40FD-9D89-0D0A96DC40AF}.Debug|Any CPU.ActiveCfg = Debug|Any CPU
		{682754CB-B79D-40FD-9D89-0D0A96DC40AF}.Debug|Any CPU.Build.0 = Debug|Any CPU
		{682754CB-B79D-40FD-9D89-0D0A96DC40AF}.Release|Any CPU.ActiveCfg = Release|Any CPU
		{682754CB-B79D-40FD-9D89-0D0A96DC40AF}.Release|Any CPU.Build.0 = Release|Any CPU
		{56021DE0-FAAD-4A11-82CB-4C36AFB1132C}.Debug|Any CPU.ActiveCfg = Debug|Any CPU
		{56021DE0-FAAD-4A11-82CB-4C36AFB1132C}.Debug|Any CPU.Build.0 = Debug|Any CPU
		{56021DE0-FAAD-4A11-82CB-4C36AFB1132C}.Release|Any CPU.ActiveCfg = Release|Any CPU
		{56021DE0-FAAD-4A11-82CB-4C36AFB1132C}.Release|Any CPU.Build.0 = Release|Any CPU
	EndGlobalSection
	GlobalSection(SolutionProperties) = preSolution
		HideSolutionNode = FALSE
	EndGlobalSection
	GlobalSection(ExtensibilityGlobals) = postSolution
		SolutionGuid = {3FBB2308-59C1-4689-A7C1-BCFB1679DA42}
	EndGlobalSection
EndGlobal
